<?xml version="1.0" encoding="utf-8"?>
<Project ToolsVersion="4.0" xmlns="http://schemas.microsoft.com/developer/msbuild/2003">
  <ItemGroup>
    <Filter Include="Source Files">
      <UniqueIdentifier>{4FC737F1-C7A5-4376-A066-2A32D752A2FF}</UniqueIdentifier>
      <Extensions>cpp;c;cc;cxx;def;odl;idl;hpj;bat;asm;asmx</Extensions>
    </Filter>
    <Filter Include="Header Files">
      <UniqueIdentifier>{93995380-89BD-4b04-88EB-625FBE52EBFB}</UniqueIdentifier>
      <Extensions>h;hpp;hxx;hm;inl;inc;xsd</Extensions>
    </Filter>
    <Filter Include="Shared">
      <UniqueIdentifier>{f31a53fe-997e-49f7-880e-49e04e0533ed}</UniqueIdentifier>
    </Filter>
  </ItemGroup>
  <ItemGroup>
    <ClCompile Include="stdafx.cpp">
      <Filter>Source Files</Filter>
    </ClCompile>
    <ClCompile Include="SupervisorExplore.cpp">
      <Filter>Source Files</Filter>
    </ClCompile>
    <ClCompile Include="..\Autonomic\agentPlayback.cpp">
      <Filter>Shared</Filter>
    </ClCompile>
    <ClCompile Include="..\Autonomic\autonomic.cpp">
      <Filter>Shared</Filter>
    </ClCompile>
    <ClCompile Include="..\Autonomic\dataStream.cpp">
      <Filter>Shared</Filter>
    </ClCompile>
    <ClCompile Include="..\Autonomic\Logger.cpp">
      <Filter>Shared</Filter>
    </ClCompile>
    <ClCompile Include="..\Autonomic\RandomGenerator.cpp">
      <Filter>Shared</Filter>
    </ClCompile>
  </ItemGroup>
  <ItemGroup>
    <None Include="SupervisorExplore.def">
      <Filter>Source Files</Filter>
    </None>
  </ItemGroup>
  <ItemGroup>
    <ClInclude Include="stdafx.h">
      <Filter>Header Files</Filter>
    </ClInclude>
    <ClInclude Include="SupervisorExplore.h">
      <Filter>Header Files</Filter>
    </ClInclude>
    <ClInclude Include="SupervisorExploreVersion.h">
      <Filter>Header Files</Filter>
    </ClInclude>
    <ClInclude Include="..\Autonomic\autonomic.h">
      <Filter>Shared</Filter>
    </ClInclude>
    <ClInclude Include="..\Autonomic\dataStream.h">
      <Filter>Shared</Filter>
    </ClInclude>
    <ClInclude Include="..\Autonomic\Logger.h">
      <Filter>Shared</Filter>
    </ClInclude>
    <ClInclude Include="..\Autonomic\RandomGenerator.h">
      <Filter>Shared</Filter>
    </ClInclude>
  </ItemGroup>
  <ItemGroup>
    <Text Include="ReadMe.txt" />
  </ItemGroup>
</Project>