
Microsoft Visual Studio Solution File, Format Version 12.00
# Visual Studio 14
VisualStudioVersion = 14.0.24720.0
MinimumVisualStudioVersion = 10.0.40219.1
Project("{8BC9CEB8-8B4A-11D0-8D11-00A0C91BC942}") = "Autonomic", "Autonomic\Autonomic.vcxproj", "{FAA5767B-144E-43A7-9783-7DB519B4B344}"
	ProjectSection(ProjectDependencies) = postProject
		{7D188DA8-681A-4507-9B94-874591BAFC5C} = {7D188DA8-681A-4507-9B94-874591BAFC5C}
	EndProjectSection
EndProject
Project("{8BC9CEB8-8B4A-11D0-8D11-00A0C91BC942}") = "AvatarSurveyor", "AvatarSurveyor\AvatarSurveyor.vcxproj", "{C51E8B1D-A071-488F-B112-295856578339}"
EndProject
Project("{8BC9CEB8-8B4A-11D0-8D11-00A0C91BC942}") = "ExecutiveMission", "ExecutiveMission\ExecutiveMission.vcxproj", "{EAEB790B-6538-47D8-BECA-626219733F1E}"
EndProject
Project("{8BC9CEB8-8B4A-11D0-8D11-00A0C91BC942}") = "AvatarBase", "AvatarBase\AvatarBase.vcxproj", "{5DD6C5ED-6F56-492A-8A5E-6CC5DC39F0E6}"
EndProject
Project("{8BC9CEB8-8B4A-11D0-8D11-00A0C91BC942}") = "AvatarX80H", "AvatarX80H\AvatarX80H.vcxproj", "{B21E8C0C-501B-4EB4-A5B1-920FB54D32C3}"
EndProject
Project("{8BC9CEB8-8B4A-11D0-8D11-00A0C91BC942}") = "AutonomicGUI", "AutonomicGUI\AutonomicGUI.vcxproj", "{84131EF7-6D00-4696-9D88-FDD6DBED4F5E}"
EndProject
Project("{8BC9CEB8-8B4A-11D0-8D11-00A0C91BC942}") = "AvatarPioneer", "AvatarPioneer\AvatarPioneer.vcxproj", "{F6244749-BCCC-4B4F-B4DC-878AD0049B7B}"
EndProject
Project("{8BC9CEB8-8B4A-11D0-8D11-00A0C91BC942}") = "SupervisorSLAM", "SupervisorSLAM\SupervisorSLAM.vcxproj", "{47D5FF02-CD0A-4768-9086-87A9D44C8D85}"
EndProject
Project("{8BC9CEB8-8B4A-11D0-8D11-00A0C91BC942}") = "SupervisorExplore", "SupervisorExplore\SupervisorExplore.vcxproj", "{34A88BF6-82B3-40E3-8B2B-284950B61D41}"
EndProject
Project("{8BC9CEB8-8B4A-11D0-8D11-00A0C91BC942}") = "AgentSensorSonar", "AgentSensorSonar\AgentSensorSonar.vcxproj", "{90E9BCB6-1CB5-4215-B991-64B493B3ACA8}"
EndProject
Project("{8BC9CEB8-8B4A-11D0-8D11-00A0C91BC942}") = "AgentSensorFloorFinder", "AgentSensorFloorFinder\AgentSensorFloorFinder.vcxproj", "{2259DBD9-A765-4602-BD13-6466674D1D54}"
EndProject
Project("{8BC9CEB8-8B4A-11D0-8D11-00A0C91BC942}") = "AgentPathPlanner", "AgentPathPlanner\AgentPathPlanner.vcxproj", "{6552D1B3-E09F-41EE-B6D7-ADECCAD4612C}"
EndProject
Project("{8BC9CEB8-8B4A-11D0-8D11-00A0C91BC942}") = "ExecutiveAvatar", "ExecutiveAvatar\ExecutiveAvatar.vcxproj", "{41C16B3D-15A3-41B8-8D48-44E14B5083BB}"
EndProject
Project("{8BC9CEB8-8B4A-11D0-8D11-00A0C91BC942}") = "AvatarER1", "AvatarER1\AvatarER1.vcxproj", "{751CEE86-0C5F-4BA4-B4A9-46A20BBB1652}"
EndProject
Project("{8BC9CEB8-8B4A-11D0-8D11-00A0C91BC942}") = "AgentSensorLandmark", "AgentSensorLandmark\AgentSensorLandmark.vcxproj", "{5CC28065-8A90-4C9D-8750-5BAD3F76BB26}"
EndProject
Project("{8BC9CEB8-8B4A-11D0-8D11-00A0C91BC942}") = "AgentSensorCooccupancy", "AgentSensorCooccupancy\AgentSensorCooccupancy.vcxproj", "{32E75533-CCF1-454A-9F24-4A04EE1B401E}"
EndProject
Project("{8BC9CEB8-8B4A-11D0-8D11-00A0C91BC942}") = "AutonomicPlayback", "AutonomicPlayback\AutonomicPlayback.vcxproj", "{A8CB7611-92BD-459C-A686-F347D9A39015}"
EndProject
Project("{8BC9CEB8-8B4A-11D0-8D11-00A0C91BC942}") = "ExecutiveSimulation", "ExecutiveSimulation\ExecutiveSimulation.vcxproj", "{3AF10998-9BFD-4B23-9392-8B8175C38485}"
EndProject
Project("{8BC9CEB8-8B4A-11D0-8D11-00A0C91BC942}") = "AvatarSimulation", "AvatarSimulation\AvatarSimulation.vcxproj", "{2AC5BE2F-EFD5-44C2-A099-21EC1D9A83C1}"
EndProject
Project("{8BC9CEB8-8B4A-11D0-8D11-00A0C91BC942}") = "SupervisorForage", "SupervisorForage\SupervisorForage.vcxproj", "{4DDA4EC9-FEFE-46DE-8E59-DA40BAA04279}"
EndProject
Project("{8BC9CEB8-8B4A-11D0-8D11-00A0C91BC942}") = "reloader", "reloader\reloader.vcxproj", "{932B755F-B8AC-42F5-941F-E4C72598E196}"
EndProject
Project("{8BC9CEB8-8B4A-11D0-8D11-00A0C91BC942}") = "remoteStart", "remoteStart\remoteStart.vcxproj", "{9376369D-8D4D-49D0-B962-F124323E7960}"
EndProject
Project("{8BC9CEB8-8B4A-11D0-8D11-00A0C91BC942}") = "ExecutiveOfflineSLAM", "ExecutiveOfflineSLAM\ExecutiveOfflineSLAM.vcxproj", "{7D188DA8-681A-4507-9B94-874591BAFC5C}"
EndProject
Project("{8BC9CEB8-8B4A-11D0-8D11-00A0C91BC942}") = "GenerateUUID", "GenerateUUID\GenerateUUID.vcxproj", "{67E5D832-CBEB-48AB-84EC-C68577F6C199}"
EndProject
Project("{8BC9CEB8-8B4A-11D0-8D11-00A0C91BC942}") = "AgentIndividualLearning", "AgentIndividualLearning\AgentIndividualLearning.vcxproj", "{40BA8070-D54F-4ECB-B526-C8102C8C1F23}"
EndProject
Global
	GlobalSection(SolutionConfigurationPlatforms) = preSolution
		Debug|Win32 = Debug|Win32
		Debug|x64 = Debug|x64
		MEX64|Win32 = MEX64|Win32
		MEX64|x64 = MEX64|x64
		Release|Win32 = Release|Win32
		Release|x64 = Release|x64
	EndGlobalSection
	GlobalSection(ProjectConfigurationPlatforms) = postSolution
		{FAA5767B-144E-43A7-9783-7DB519B4B344}.Debug|Win32.ActiveCfg = Debug|Win32
		{FAA5767B-144E-43A7-9783-7DB519B4B344}.Debug|Win32.Build.0 = Debug|Win32
		{FAA5767B-144E-43A7-9783-7DB519B4B344}.Debug|x64.ActiveCfg = Debug|x64
		{FAA5767B-144E-43A7-9783-7DB519B4B344}.Debug|x64.Build.0 = Debug|x64
		{FAA5767B-144E-43A7-9783-7DB519B4B344}.MEX64|Win32.ActiveCfg = MEX64|Win32
		{FAA5767B-144E-43A7-9783-7DB519B4B344}.MEX64|Win32.Build.0 = MEX64|Win32
		{FAA5767B-144E-43A7-9783-7DB519B4B344}.MEX64|x64.ActiveCfg = MEX64|x64
		{FAA5767B-144E-43A7-9783-7DB519B4B344}.MEX64|x64.Build.0 = MEX64|x64
		{FAA5767B-144E-43A7-9783-7DB519B4B344}.Release|Win32.ActiveCfg = Release|Win32
		{FAA5767B-144E-43A7-9783-7DB519B4B344}.Release|Win32.Build.0 = Release|Win32
		{FAA5767B-144E-43A7-9783-7DB519B4B344}.Release|x64.ActiveCfg = Release|x64
		{FAA5767B-144E-43A7-9783-7DB519B4B344}.Release|x64.Build.0 = Release|x64
		{C51E8B1D-A071-488F-B112-295856578339}.Debug|Win32.ActiveCfg = Debug|Win32
		{C51E8B1D-A071-488F-B112-295856578339}.Debug|Win32.Build.0 = Debug|Win32
		{C51E8B1D-A071-488F-B112-295856578339}.Debug|x64.ActiveCfg = Debug|x64
		{C51E8B1D-A071-488F-B112-295856578339}.Debug|x64.Build.0 = Debug|x64
		{C51E8B1D-A071-488F-B112-295856578339}.MEX64|Win32.ActiveCfg = MEX64|Win32
		{C51E8B1D-A071-488F-B112-295856578339}.MEX64|Win32.Build.0 = MEX64|Win32
		{C51E8B1D-A071-488F-B112-295856578339}.MEX64|x64.ActiveCfg = MEX64|x64
		{C51E8B1D-A071-488F-B112-295856578339}.Release|Win32.ActiveCfg = Release|Win32
		{C51E8B1D-A071-488F-B112-295856578339}.Release|Win32.Build.0 = Release|Win32
		{C51E8B1D-A071-488F-B112-295856578339}.Release|x64.ActiveCfg = Release|x64
		{C51E8B1D-A071-488F-B112-295856578339}.Release|x64.Build.0 = Release|x64
		{EAEB790B-6538-47D8-BECA-626219733F1E}.Debug|Win32.ActiveCfg = Debug|Win32
		{EAEB790B-6538-47D8-BECA-626219733F1E}.Debug|Win32.Build.0 = Debug|Win32
		{EAEB790B-6538-47D8-BECA-626219733F1E}.Debug|x64.ActiveCfg = Debug|x64
		{EAEB790B-6538-47D8-BECA-626219733F1E}.Debug|x64.Build.0 = Debug|x64
		{EAEB790B-6538-47D8-BECA-626219733F1E}.MEX64|Win32.ActiveCfg = MEX64|Win32
		{EAEB790B-6538-47D8-BECA-626219733F1E}.MEX64|Win32.Build.0 = MEX64|Win32
		{EAEB790B-6538-47D8-BECA-626219733F1E}.MEX64|x64.ActiveCfg = MEX64|x64
		{EAEB790B-6538-47D8-BECA-626219733F1E}.Release|Win32.ActiveCfg = Release|Win32
		{EAEB790B-6538-47D8-BECA-626219733F1E}.Release|Win32.Build.0 = Release|Win32
		{EAEB790B-6538-47D8-BECA-626219733F1E}.Release|x64.ActiveCfg = Release|x64
		{EAEB790B-6538-47D8-BECA-626219733F1E}.Release|x64.Build.0 = Release|x64
		{5DD6C5ED-6F56-492A-8A5E-6CC5DC39F0E6}.Debug|Win32.ActiveCfg = Debug|Win32
		{5DD6C5ED-6F56-492A-8A5E-6CC5DC39F0E6}.Debug|Win32.Build.0 = Debug|Win32
		{5DD6C5ED-6F56-492A-8A5E-6CC5DC39F0E6}.Debug|x64.ActiveCfg = Debug|x64
		{5DD6C5ED-6F56-492A-8A5E-6CC5DC39F0E6}.Debug|x64.Build.0 = Debug|x64
		{5DD6C5ED-6F56-492A-8A5E-6CC5DC39F0E6}.MEX64|Win32.ActiveCfg = MEX64|Win32
		{5DD6C5ED-6F56-492A-8A5E-6CC5DC39F0E6}.MEX64|Win32.Build.0 = MEX64|Win32
		{5DD6C5ED-6F56-492A-8A5E-6CC5DC39F0E6}.MEX64|x64.ActiveCfg = MEX64|x64
		{5DD6C5ED-6F56-492A-8A5E-6CC5DC39F0E6}.Release|Win32.ActiveCfg = Release|Win32
		{5DD6C5ED-6F56-492A-8A5E-6CC5DC39F0E6}.Release|Win32.Build.0 = Release|Win32
		{5DD6C5ED-6F56-492A-8A5E-6CC5DC39F0E6}.Release|x64.ActiveCfg = Release|x64
		{5DD6C5ED-6F56-492A-8A5E-6CC5DC39F0E6}.Release|x64.Build.0 = Release|x64
		{B21E8C0C-501B-4EB4-A5B1-920FB54D32C3}.Debug|Win32.ActiveCfg = Debug|Win32
		{B21E8C0C-501B-4EB4-A5B1-920FB54D32C3}.Debug|Win32.Build.0 = Debug|Win32
		{B21E8C0C-501B-4EB4-A5B1-920FB54D32C3}.Debug|x64.ActiveCfg = Debug|x64
		{B21E8C0C-501B-4EB4-A5B1-920FB54D32C3}.Debug|x64.Build.0 = Debug|x64
		{B21E8C0C-501B-4EB4-A5B1-920FB54D32C3}.MEX64|Win32.ActiveCfg = MEX64|Win32
		{B21E8C0C-501B-4EB4-A5B1-920FB54D32C3}.MEX64|Win32.Build.0 = MEX64|Win32
		{B21E8C0C-501B-4EB4-A5B1-920FB54D32C3}.MEX64|x64.ActiveCfg = MEX64|x64
		{B21E8C0C-501B-4EB4-A5B1-920FB54D32C3}.Release|Win32.ActiveCfg = Release|Win32
		{B21E8C0C-501B-4EB4-A5B1-920FB54D32C3}.Release|Win32.Build.0 = Release|Win32
		{B21E8C0C-501B-4EB4-A5B1-920FB54D32C3}.Release|x64.ActiveCfg = Release|x64
		{B21E8C0C-501B-4EB4-A5B1-920FB54D32C3}.Release|x64.Build.0 = Release|x64
		{84131EF7-6D00-4696-9D88-FDD6DBED4F5E}.Debug|Win32.ActiveCfg = Debug|Win32
		{84131EF7-6D00-4696-9D88-FDD6DBED4F5E}.Debug|Win32.Build.0 = Debug|Win32
		{84131EF7-6D00-4696-9D88-FDD6DBED4F5E}.Debug|x64.ActiveCfg = Debug|x64
		{84131EF7-6D00-4696-9D88-FDD6DBED4F5E}.Debug|x64.Build.0 = Debug|x64
		{84131EF7-6D00-4696-9D88-FDD6DBED4F5E}.MEX64|Win32.ActiveCfg = MEX64|Win32
		{84131EF7-6D00-4696-9D88-FDD6DBED4F5E}.MEX64|Win32.Build.0 = MEX64|Win32
		{84131EF7-6D00-4696-9D88-FDD6DBED4F5E}.MEX64|x64.ActiveCfg = MEX64|x64
		{84131EF7-6D00-4696-9D88-FDD6DBED4F5E}.MEX64|x64.Build.0 = MEX64|x64
		{84131EF7-6D00-4696-9D88-FDD6DBED4F5E}.Release|Win32.ActiveCfg = Release|Win32
		{84131EF7-6D00-4696-9D88-FDD6DBED4F5E}.Release|Win32.Build.0 = Release|Win32
		{84131EF7-6D00-4696-9D88-FDD6DBED4F5E}.Release|x64.ActiveCfg = Release|x64
		{84131EF7-6D00-4696-9D88-FDD6DBED4F5E}.Release|x64.Build.0 = Release|x64
		{F6244749-BCCC-4B4F-B4DC-878AD0049B7B}.Debug|Win32.ActiveCfg = Debug|Win32
		{F6244749-BCCC-4B4F-B4DC-878AD0049B7B}.Debug|Win32.Build.0 = Debug|Win32
		{F6244749-BCCC-4B4F-B4DC-878AD0049B7B}.Debug|x64.ActiveCfg = Debug|x64
		{F6244749-BCCC-4B4F-B4DC-878AD0049B7B}.Debug|x64.Build.0 = Debug|x64
		{F6244749-BCCC-4B4F-B4DC-878AD0049B7B}.MEX64|Win32.ActiveCfg = MEX64|Win32
		{F6244749-BCCC-4B4F-B4DC-878AD0049B7B}.MEX64|Win32.Build.0 = MEX64|Win32
		{F6244749-BCCC-4B4F-B4DC-878AD0049B7B}.MEX64|x64.ActiveCfg = MEX64|x64
		{F6244749-BCCC-4B4F-B4DC-878AD0049B7B}.Release|Win32.ActiveCfg = Release|Win32
		{F6244749-BCCC-4B4F-B4DC-878AD0049B7B}.Release|Win32.Build.0 = Release|Win32
		{F6244749-BCCC-4B4F-B4DC-878AD0049B7B}.Release|x64.ActiveCfg = Release|x64
		{F6244749-BCCC-4B4F-B4DC-878AD0049B7B}.Release|x64.Build.0 = Release|x64
		{47D5FF02-CD0A-4768-9086-87A9D44C8D85}.Debug|Win32.ActiveCfg = Debug|Win32
		{47D5FF02-CD0A-4768-9086-87A9D44C8D85}.Debug|Win32.Build.0 = Debug|Win32
		{47D5FF02-CD0A-4768-9086-87A9D44C8D85}.Debug|x64.ActiveCfg = Debug|x64
		{47D5FF02-CD0A-4768-9086-87A9D44C8D85}.Debug|x64.Build.0 = Debug|x64
		{47D5FF02-CD0A-4768-9086-87A9D44C8D85}.MEX64|Win32.ActiveCfg = MEX64|Win32
		{47D5FF02-CD0A-4768-9086-87A9D44C8D85}.MEX64|Win32.Build.0 = MEX64|Win32
		{47D5FF02-CD0A-4768-9086-87A9D44C8D85}.MEX64|x64.ActiveCfg = MEX64|x64
		{47D5FF02-CD0A-4768-9086-87A9D44C8D85}.Release|Win32.ActiveCfg = Release|Win32
		{47D5FF02-CD0A-4768-9086-87A9D44C8D85}.Release|Win32.Build.0 = Release|Win32
		{47D5FF02-CD0A-4768-9086-87A9D44C8D85}.Release|x64.ActiveCfg = Release|x64
		{47D5FF02-CD0A-4768-9086-87A9D44C8D85}.Release|x64.Build.0 = Release|x64
		{34A88BF6-82B3-40E3-8B2B-284950B61D41}.Debug|Win32.ActiveCfg = Debug|Win32
		{34A88BF6-82B3-40E3-8B2B-284950B61D41}.Debug|Win32.Build.0 = Debug|Win32
		{34A88BF6-82B3-40E3-8B2B-284950B61D41}.Debug|x64.ActiveCfg = Debug|x64
		{34A88BF6-82B3-40E3-8B2B-284950B61D41}.Debug|x64.Build.0 = Debug|x64
		{34A88BF6-82B3-40E3-8B2B-284950B61D41}.MEX64|Win32.ActiveCfg = MEX64|Win32
		{34A88BF6-82B3-40E3-8B2B-284950B61D41}.MEX64|Win32.Build.0 = MEX64|Win32
		{34A88BF6-82B3-40E3-8B2B-284950B61D41}.MEX64|x64.ActiveCfg = MEX64|x64
		{34A88BF6-82B3-40E3-8B2B-284950B61D41}.Release|Win32.ActiveCfg = Release|Win32
		{34A88BF6-82B3-40E3-8B2B-284950B61D41}.Release|Win32.Build.0 = Release|Win32
		{34A88BF6-82B3-40E3-8B2B-284950B61D41}.Release|x64.ActiveCfg = Release|x64
		{34A88BF6-82B3-40E3-8B2B-284950B61D41}.Release|x64.Build.0 = Release|x64
		{90E9BCB6-1CB5-4215-B991-64B493B3ACA8}.Debug|Win32.ActiveCfg = Debug|Win32
		{90E9BCB6-1CB5-4215-B991-64B493B3ACA8}.Debug|Win32.Build.0 = Debug|Win32
		{90E9BCB6-1CB5-4215-B991-64B493B3ACA8}.Debug|x64.ActiveCfg = Debug|x64
		{90E9BCB6-1CB5-4215-B991-64B493B3ACA8}.Debug|x64.Build.0 = Debug|x64
		{90E9BCB6-1CB5-4215-B991-64B493B3ACA8}.MEX64|Win32.ActiveCfg = MEX64|Win32
		{90E9BCB6-1CB5-4215-B991-64B493B3ACA8}.MEX64|Win32.Build.0 = MEX64|Win32
		{90E9BCB6-1CB5-4215-B991-64B493B3ACA8}.MEX64|x64.ActiveCfg = MEX64|x64
		{90E9BCB6-1CB5-4215-B991-64B493B3ACA8}.Release|Win32.ActiveCfg = Release|Win32
		{90E9BCB6-1CB5-4215-B991-64B493B3ACA8}.Release|Win32.Build.0 = Release|Win32
		{90E9BCB6-1CB5-4215-B991-64B493B3ACA8}.Release|x64.ActiveCfg = Release|x64
		{90E9BCB6-1CB5-4215-B991-64B493B3ACA8}.Release|x64.Build.0 = Release|x64
		{2259DBD9-A765-4602-BD13-6466674D1D54}.Debug|Win32.ActiveCfg = Debug|Win32
		{2259DBD9-A765-4602-BD13-6466674D1D54}.Debug|Win32.Build.0 = Debug|Win32
		{2259DBD9-A765-4602-BD13-6466674D1D54}.Debug|x64.ActiveCfg = Debug|x64
		{2259DBD9-A765-4602-BD13-6466674D1D54}.Debug|x64.Build.0 = Debug|x64
		{2259DBD9-A765-4602-BD13-6466674D1D54}.MEX64|Win32.ActiveCfg = MEX64|Win32
		{2259DBD9-A765-4602-BD13-6466674D1D54}.MEX64|Win32.Build.0 = MEX64|Win32
		{2259DBD9-A765-4602-BD13-6466674D1D54}.MEX64|x64.ActiveCfg = MEX64|x64
		{2259DBD9-A765-4602-BD13-6466674D1D54}.Release|Win32.ActiveCfg = Release|Win32
		{2259DBD9-A765-4602-BD13-6466674D1D54}.Release|Win32.Build.0 = Release|Win32
		{2259DBD9-A765-4602-BD13-6466674D1D54}.Release|x64.ActiveCfg = Release|x64
		{2259DBD9-A765-4602-BD13-6466674D1D54}.Release|x64.Build.0 = Release|x64
		{6552D1B3-E09F-41EE-B6D7-ADECCAD4612C}.Debug|Win32.ActiveCfg = Debug|Win32
		{6552D1B3-E09F-41EE-B6D7-ADECCAD4612C}.Debug|Win32.Build.0 = Debug|Win32
		{6552D1B3-E09F-41EE-B6D7-ADECCAD4612C}.Debug|x64.ActiveCfg = Debug|x64
		{6552D1B3-E09F-41EE-B6D7-ADECCAD4612C}.Debug|x64.Build.0 = Debug|x64
		{6552D1B3-E09F-41EE-B6D7-ADECCAD4612C}.MEX64|Win32.ActiveCfg = MEX64|Win32
		{6552D1B3-E09F-41EE-B6D7-ADECCAD4612C}.MEX64|Win32.Build.0 = MEX64|Win32
		{6552D1B3-E09F-41EE-B6D7-ADECCAD4612C}.MEX64|x64.ActiveCfg = MEX64|x64
		{6552D1B3-E09F-41EE-B6D7-ADECCAD4612C}.Release|Win32.ActiveCfg = Release|Win32
		{6552D1B3-E09F-41EE-B6D7-ADECCAD4612C}.Release|Win32.Build.0 = Release|Win32
		{6552D1B3-E09F-41EE-B6D7-ADECCAD4612C}.Release|x64.ActiveCfg = Release|x64
		{6552D1B3-E09F-41EE-B6D7-ADECCAD4612C}.Release|x64.Build.0 = Release|x64
		{41C16B3D-15A3-41B8-8D48-44E14B5083BB}.Debug|Win32.ActiveCfg = Debug|Win32
		{41C16B3D-15A3-41B8-8D48-44E14B5083BB}.Debug|Win32.Build.0 = Debug|Win32
		{41C16B3D-15A3-41B8-8D48-44E14B5083BB}.Debug|x64.ActiveCfg = Debug|x64
		{41C16B3D-15A3-41B8-8D48-44E14B5083BB}.Debug|x64.Build.0 = Debug|x64
		{41C16B3D-15A3-41B8-8D48-44E14B5083BB}.MEX64|Win32.ActiveCfg = MEX64|Win32
		{41C16B3D-15A3-41B8-8D48-44E14B5083BB}.MEX64|Win32.Build.0 = MEX64|Win32
		{41C16B3D-15A3-41B8-8D48-44E14B5083BB}.MEX64|x64.ActiveCfg = MEX64|x64
		{41C16B3D-15A3-41B8-8D48-44E14B5083BB}.Release|Win32.ActiveCfg = Release|Win32
		{41C16B3D-15A3-41B8-8D48-44E14B5083BB}.Release|Win32.Build.0 = Release|Win32
		{41C16B3D-15A3-41B8-8D48-44E14B5083BB}.Release|x64.ActiveCfg = Release|x64
		{41C16B3D-15A3-41B8-8D48-44E14B5083BB}.Release|x64.Build.0 = Release|x64
		{751CEE86-0C5F-4BA4-B4A9-46A20BBB1652}.Debug|Win32.ActiveCfg = Debug|Win32
		{751CEE86-0C5F-4BA4-B4A9-46A20BBB1652}.Debug|Win32.Build.0 = Debug|Win32
		{751CEE86-0C5F-4BA4-B4A9-46A20BBB1652}.Debug|x64.ActiveCfg = Debug|x64
		{751CEE86-0C5F-4BA4-B4A9-46A20BBB1652}.Debug|x64.Build.0 = Debug|x64
		{751CEE86-0C5F-4BA4-B4A9-46A20BBB1652}.MEX64|Win32.ActiveCfg = MEX64|Win32
		{751CEE86-0C5F-4BA4-B4A9-46A20BBB1652}.MEX64|Win32.Build.0 = MEX64|Win32
		{751CEE86-0C5F-4BA4-B4A9-46A20BBB1652}.MEX64|x64.ActiveCfg = MEX64|x64
		{751CEE86-0C5F-4BA4-B4A9-46A20BBB1652}.Release|Win32.ActiveCfg = Release|Win32
		{751CEE86-0C5F-4BA4-B4A9-46A20BBB1652}.Release|Win32.Build.0 = Release|Win32
		{751CEE86-0C5F-4BA4-B4A9-46A20BBB1652}.Release|x64.ActiveCfg = Release|x64
		{751CEE86-0C5F-4BA4-B4A9-46A20BBB1652}.Release|x64.Build.0 = Release|x64
		{5CC28065-8A90-4C9D-8750-5BAD3F76BB26}.Debug|Win32.ActiveCfg = Debug|Win32
		{5CC28065-8A90-4C9D-8750-5BAD3F76BB26}.Debug|Win32.Build.0 = Debug|Win32
		{5CC28065-8A90-4C9D-8750-5BAD3F76BB26}.Debug|x64.ActiveCfg = Debug|x64
		{5CC28065-8A90-4C9D-8750-5BAD3F76BB26}.Debug|x64.Build.0 = Debug|x64
		{5CC28065-8A90-4C9D-8750-5BAD3F76BB26}.MEX64|Win32.ActiveCfg = MEX64|Win32
		{5CC28065-8A90-4C9D-8750-5BAD3F76BB26}.MEX64|Win32.Build.0 = MEX64|Win32
		{5CC28065-8A90-4C9D-8750-5BAD3F76BB26}.MEX64|x64.ActiveCfg = MEX64|x64
		{5CC28065-8A90-4C9D-8750-5BAD3F76BB26}.Release|Win32.ActiveCfg = Release|Win32
		{5CC28065-8A90-4C9D-8750-5BAD3F76BB26}.Release|Win32.Build.0 = Release|Win32
		{5CC28065-8A90-4C9D-8750-5BAD3F76BB26}.Release|x64.ActiveCfg = Release|x64
		{5CC28065-8A90-4C9D-8750-5BAD3F76BB26}.Release|x64.Build.0 = Release|x64
		{32E75533-CCF1-454A-9F24-4A04EE1B401E}.Debug|Win32.ActiveCfg = Debug|Win32
		{32E75533-CCF1-454A-9F24-4A04EE1B401E}.Debug|Win32.Build.0 = Debug|Win32
		{32E75533-CCF1-454A-9F24-4A04EE1B401E}.Debug|x64.ActiveCfg = Debug|x64
		{32E75533-CCF1-454A-9F24-4A04EE1B401E}.Debug|x64.Build.0 = Debug|x64
		{32E75533-CCF1-454A-9F24-4A04EE1B401E}.MEX64|Win32.ActiveCfg = MEX64|Win32
		{32E75533-CCF1-454A-9F24-4A04EE1B401E}.MEX64|Win32.Build.0 = MEX64|Win32
		{32E75533-CCF1-454A-9F24-4A04EE1B401E}.MEX64|x64.ActiveCfg = MEX64|x64
		{32E75533-CCF1-454A-9F24-4A04EE1B401E}.Release|Win32.ActiveCfg = Release|Win32
		{32E75533-CCF1-454A-9F24-4A04EE1B401E}.Release|Win32.Build.0 = Release|Win32
		{32E75533-CCF1-454A-9F24-4A04EE1B401E}.Release|x64.ActiveCfg = Release|x64
		{32E75533-CCF1-454A-9F24-4A04EE1B401E}.Release|x64.Build.0 = Release|x64
		{A8CB7611-92BD-459C-A686-F347D9A39015}.Debug|Win32.ActiveCfg = Debug|Win32
		{A8CB7611-92BD-459C-A686-F347D9A39015}.Debug|Win32.Build.0 = Debug|Win32
		{A8CB7611-92BD-459C-A686-F347D9A39015}.Debug|x64.ActiveCfg = Debug|x64
		{A8CB7611-92BD-459C-A686-F347D9A39015}.Debug|x64.Build.0 = Debug|x64
		{A8CB7611-92BD-459C-A686-F347D9A39015}.MEX64|Win32.ActiveCfg = MEX64|Win32
		{A8CB7611-92BD-459C-A686-F347D9A39015}.MEX64|Win32.Build.0 = MEX64|Win32
		{A8CB7611-92BD-459C-A686-F347D9A39015}.MEX64|x64.ActiveCfg = MEX64|x64
		{A8CB7611-92BD-459C-A686-F347D9A39015}.MEX64|x64.Build.0 = MEX64|x64
		{A8CB7611-92BD-459C-A686-F347D9A39015}.Release|Win32.ActiveCfg = Release|Win32
		{A8CB7611-92BD-459C-A686-F347D9A39015}.Release|Win32.Build.0 = Release|Win32
		{A8CB7611-92BD-459C-A686-F347D9A39015}.Release|x64.ActiveCfg = Release|x64
		{A8CB7611-92BD-459C-A686-F347D9A39015}.Release|x64.Build.0 = Release|x64
		{3AF10998-9BFD-4B23-9392-8B8175C38485}.Debug|Win32.ActiveCfg = Debug|Win32
		{3AF10998-9BFD-4B23-9392-8B8175C38485}.Debug|Win32.Build.0 = Debug|Win32
		{3AF10998-9BFD-4B23-9392-8B8175C38485}.Debug|x64.ActiveCfg = Debug|x64
		{3AF10998-9BFD-4B23-9392-8B8175C38485}.Debug|x64.Build.0 = Debug|x64
		{3AF10998-9BFD-4B23-9392-8B8175C38485}.MEX64|Win32.ActiveCfg = MEX64|Win32
		{3AF10998-9BFD-4B23-9392-8B8175C38485}.MEX64|Win32.Build.0 = MEX64|Win32
		{3AF10998-9BFD-4B23-9392-8B8175C38485}.MEX64|x64.ActiveCfg = MEX64|x64
		{3AF10998-9BFD-4B23-9392-8B8175C38485}.Release|Win32.ActiveCfg = Release|Win32
		{3AF10998-9BFD-4B23-9392-8B8175C38485}.Release|Win32.Build.0 = Release|Win32
		{3AF10998-9BFD-4B23-9392-8B8175C38485}.Release|x64.ActiveCfg = Release|x64
		{3AF10998-9BFD-4B23-9392-8B8175C38485}.Release|x64.Build.0 = Release|x64
		{2AC5BE2F-EFD5-44C2-A099-21EC1D9A83C1}.Debug|Win32.ActiveCfg = Debug|Win32
		{2AC5BE2F-EFD5-44C2-A099-21EC1D9A83C1}.Debug|Win32.Build.0 = Debug|Win32
		{2AC5BE2F-EFD5-44C2-A099-21EC1D9A83C1}.Debug|x64.ActiveCfg = Debug|x64
		{2AC5BE2F-EFD5-44C2-A099-21EC1D9A83C1}.Debug|x64.Build.0 = Debug|x64
		{2AC5BE2F-EFD5-44C2-A099-21EC1D9A83C1}.MEX64|Win32.ActiveCfg = MEX64|Win32
		{2AC5BE2F-EFD5-44C2-A099-21EC1D9A83C1}.MEX64|Win32.Build.0 = MEX64|Win32
		{2AC5BE2F-EFD5-44C2-A099-21EC1D9A83C1}.MEX64|x64.ActiveCfg = MEX64|x64
		{2AC5BE2F-EFD5-44C2-A099-21EC1D9A83C1}.Release|Win32.ActiveCfg = Release|Win32
		{2AC5BE2F-EFD5-44C2-A099-21EC1D9A83C1}.Release|Win32.Build.0 = Release|Win32
		{2AC5BE2F-EFD5-44C2-A099-21EC1D9A83C1}.Release|x64.ActiveCfg = Release|x64
		{2AC5BE2F-EFD5-44C2-A099-21EC1D9A83C1}.Release|x64.Build.0 = Release|x64
		{4DDA4EC9-FEFE-46DE-8E59-DA40BAA04279}.Debug|Win32.ActiveCfg = Debug|Win32
		{4DDA4EC9-FEFE-46DE-8E59-DA40BAA04279}.Debug|Win32.Build.0 = Debug|Win32
		{4DDA4EC9-FEFE-46DE-8E59-DA40BAA04279}.Debug|x64.ActiveCfg = Debug|x64
		{4DDA4EC9-FEFE-46DE-8E59-DA40BAA04279}.Debug|x64.Build.0 = Debug|x64
		{4DDA4EC9-FEFE-46DE-8E59-DA40BAA04279}.MEX64|Win32.ActiveCfg = MEX64|Win32
		{4DDA4EC9-FEFE-46DE-8E59-DA40BAA04279}.MEX64|Win32.Build.0 = MEX64|Win32
		{4DDA4EC9-FEFE-46DE-8E59-DA40BAA04279}.MEX64|x64.ActiveCfg = MEX64|x64
		{4DDA4EC9-FEFE-46DE-8E59-DA40BAA04279}.Release|Win32.ActiveCfg = Release|Win32
		{4DDA4EC9-FEFE-46DE-8E59-DA40BAA04279}.Release|Win32.Build.0 = Release|Win32
		{4DDA4EC9-FEFE-46DE-8E59-DA40BAA04279}.Release|x64.ActiveCfg = Release|x64
		{4DDA4EC9-FEFE-46DE-8E59-DA40BAA04279}.Release|x64.Build.0 = Release|x64
		{932B755F-B8AC-42F5-941F-E4C72598E196}.Debug|Win32.ActiveCfg = Debug|Win32
		{932B755F-B8AC-42F5-941F-E4C72598E196}.Debug|Win32.Build.0 = Debug|Win32
		{932B755F-B8AC-42F5-941F-E4C72598E196}.Debug|x64.ActiveCfg = Debug|x64
		{932B755F-B8AC-42F5-941F-E4C72598E196}.Debug|x64.Build.0 = Debug|x64
		{932B755F-B8AC-42F5-941F-E4C72598E196}.MEX64|Win32.ActiveCfg = MEX64|Win32
		{932B755F-B8AC-42F5-941F-E4C72598E196}.MEX64|Win32.Build.0 = MEX64|Win32
		{932B755F-B8AC-42F5-941F-E4C72598E196}.MEX64|x64.ActiveCfg = MEX64|x64
		{932B755F-B8AC-42F5-941F-E4C72598E196}.Release|Win32.ActiveCfg = Release|Win32
		{932B755F-B8AC-42F5-941F-E4C72598E196}.Release|Win32.Build.0 = Release|Win32
		{932B755F-B8AC-42F5-941F-E4C72598E196}.Release|x64.ActiveCfg = Release|x64
		{932B755F-B8AC-42F5-941F-E4C72598E196}.Release|x64.Build.0 = Release|x64
		{9376369D-8D4D-49D0-B962-F124323E7960}.Debug|Win32.ActiveCfg = Debug|Win32
		{9376369D-8D4D-49D0-B962-F124323E7960}.Debug|Win32.Build.0 = Debug|Win32
		{9376369D-8D4D-49D0-B962-F124323E7960}.Debug|x64.ActiveCfg = Debug|x64
		{9376369D-8D4D-49D0-B962-F124323E7960}.Debug|x64.Build.0 = Debug|x64
		{9376369D-8D4D-49D0-B962-F124323E7960}.MEX64|Win32.ActiveCfg = MEX64|Win32
		{9376369D-8D4D-49D0-B962-F124323E7960}.MEX64|Win32.Build.0 = MEX64|Win32
		{9376369D-8D4D-49D0-B962-F124323E7960}.MEX64|x64.ActiveCfg = MEX64|x64
		{9376369D-8D4D-49D0-B962-F124323E7960}.Release|Win32.ActiveCfg = Release|Win32
		{9376369D-8D4D-49D0-B962-F124323E7960}.Release|Win32.Build.0 = Release|Win32
		{9376369D-8D4D-49D0-B962-F124323E7960}.Release|x64.ActiveCfg = Release|x64
		{9376369D-8D4D-49D0-B962-F124323E7960}.Release|x64.Build.0 = Release|x64
		{7D188DA8-681A-4507-9B94-874591BAFC5C}.Debug|Win32.ActiveCfg = Debug|Win32
		{7D188DA8-681A-4507-9B94-874591BAFC5C}.Debug|Win32.Build.0 = Debug|Win32
		{7D188DA8-681A-4507-9B94-874591BAFC5C}.Debug|x64.ActiveCfg = Debug|x64
		{7D188DA8-681A-4507-9B94-874591BAFC5C}.Debug|x64.Build.0 = Debug|x64
		{7D188DA8-681A-4507-9B94-874591BAFC5C}.MEX64|Win32.ActiveCfg = MEX64|Win32
		{7D188DA8-681A-4507-9B94-874591BAFC5C}.MEX64|Win32.Build.0 = MEX64|Win32
		{7D188DA8-681A-4507-9B94-874591BAFC5C}.MEX64|x64.ActiveCfg = MEX64|x64
		{7D188DA8-681A-4507-9B94-874591BAFC5C}.Release|Win32.ActiveCfg = Release|Win32
		{7D188DA8-681A-4507-9B94-874591BAFC5C}.Release|Win32.Build.0 = Release|Win32
		{7D188DA8-681A-4507-9B94-874591BAFC5C}.Release|x64.ActiveCfg = Release|x64
		{7D188DA8-681A-4507-9B94-874591BAFC5C}.Release|x64.Build.0 = Release|x64
		{67E5D832-CBEB-48AB-84EC-C68577F6C199}.Debug|Win32.ActiveCfg = Debug|Win32
		{67E5D832-CBEB-48AB-84EC-C68577F6C199}.Debug|Win32.Build.0 = Debug|Win32
		{67E5D832-CBEB-48AB-84EC-C68577F6C199}.Debug|x64.ActiveCfg = Debug|Win32
		{67E5D832-CBEB-48AB-84EC-C68577F6C199}.MEX64|Win32.ActiveCfg = Release|Win32
		{67E5D832-CBEB-48AB-84EC-C68577F6C199}.MEX64|Win32.Build.0 = Release|Win32
		{67E5D832-CBEB-48AB-84EC-C68577F6C199}.MEX64|x64.ActiveCfg = Release|Win32
		{67E5D832-CBEB-48AB-84EC-C68577F6C199}.MEX64|x64.Build.0 = Release|Win32
		{67E5D832-CBEB-48AB-84EC-C68577F6C199}.Release|Win32.ActiveCfg = Release|Win32
		{67E5D832-CBEB-48AB-84EC-C68577F6C199}.Release|Win32.Build.0 = Release|Win32
		{67E5D832-CBEB-48AB-84EC-C68577F6C199}.Release|x64.ActiveCfg = Release|x64
		{67E5D832-CBEB-48AB-84EC-C68577F6C199}.Release|x64.Build.0 = Release|x64
		{40BA8070-D54F-4ECB-B526-C8102C8C1F23}.Debug|Win32.ActiveCfg = Debug|Win32
		{40BA8070-D54F-4ECB-B526-C8102C8C1F23}.Debug|Win32.Build.0 = Debug|Win32
		{40BA8070-D54F-4ECB-B526-C8102C8C1F23}.Debug|x64.ActiveCfg = Debug|x64
		{40BA8070-D54F-4ECB-B526-C8102C8C1F23}.Debug|x64.Build.0 = Debug|x64
		{40BA8070-D54F-4ECB-B526-C8102C8C1F23}.MEX64|Win32.ActiveCfg = Release|Win32
		{40BA8070-D54F-4ECB-B526-C8102C8C1F23}.MEX64|Win32.Build.0 = Release|Win32
		{40BA8070-D54F-4ECB-B526-C8102C8C1F23}.MEX64|x64.ActiveCfg = Release|x64
		{40BA8070-D54F-4ECB-B526-C8102C8C1F23}.MEX64|x64.Build.0 = Release|x64
		{40BA8070-D54F-4ECB-B526-C8102C8C1F23}.Release|Win32.ActiveCfg = Release|Win32
		{40BA8070-D54F-4ECB-B526-C8102C8C1F23}.Release|Win32.Build.0 = Release|Win32
		{40BA8070-D54F-4ECB-B526-C8102C8C1F23}.Release|x64.ActiveCfg = Release|x64
		{40BA8070-D54F-4ECB-B526-C8102C8C1F23}.Release|x64.Build.0 = Release|x64
	EndGlobalSection
	GlobalSection(SolutionProperties) = preSolution
		HideSolutionNode = FALSE
	EndGlobalSection
EndGlobal
